Microsoft Visual Studio Solution File, Format Version 12.00
# Visual Studio Version 16
VisualStudioVersion = 16.0.29519.87
MinimumVisualStudioVersion = 10.0.40219.1
Project("{2150E333-8FDC-42A3-9474-1A3956D46DE8}") = "Modules", "Modules", "{53302909-5F6D-484F-BCD5-0760A3B92DD2}"
EndProject
Project("{9A19103F-16F7-4668-BE54-9A1E7A4F7556}") = "Common", "Modules\Common\Common.csproj", "{8C7936C7-8FE8-4DC2-A20C-388B55C08FA5}"
EndProject
Project("{9A19103F-16F7-4668-BE54-9A1E7A4F7556}") = "Migration", "Modules\Migration\Migration.csproj", "{72B5CDE8-C1B4-423E-B717-7A472957E55C}"
EndProject
Project("{9A19103F-16F7-4668-BE54-9A1E7A4F7556}") = "Syncer", "Modules\Syncer\Syncer.csproj", "{984BD61A-3256-4ACA-8953-7751FC454790}"
EndProject
Project("{9A19103F-16F7-4668-BE54-9A1E7A4F7556}") = "StressGenerator", "Modules\StressGenerator\StressGenerator.csproj", "{E65B83A1-1CF0-45BE-A1FE-6D60C2F844CD}"
EndProject
Project("{2150E333-8FDC-42A3-9474-1A3956D46DE8}") = "Solution Items", "Solution Items", "{A8979830-7424-4B10-8B3F-E1FB55BE369E}"
	ProjectSection(SolutionItems) = preProject
		README.md = README.md
	EndProjectSection
EndProject
Project("{9A19103F-16F7-4668-BE54-9A1E7A4F7556}") = "Migration.Tests", "Modules\Migration.Tests\Migration.Tests.csproj", "{EC675A58-6D57-4E6E-A4CA-9CE38D736E0F}"
EndProject
Project("{9A19103F-16F7-4668-BE54-9A1E7A4F7556}") = "App", "App\App.csproj", "{195A601C-3905-4FD6-9C37-30F359C6D753}"
EndProject
Project("{FAE04EC0-301F-11D3-BF4B-00C04F79EFBC}") = "Syncer.Tests", "Modules\Syncer.Tests\Syncer.Tests.csproj", "{09E9476A-EA4C-4E0D-993D-5003E784C059}"
EndProject
Global
	GlobalSection(SolutionConfigurationPlatforms) = preSolution
		Debug|Any CPU = Debug|Any CPU
		Release|Any CPU = Release|Any CPU
	EndGlobalSection
	GlobalSection(ProjectConfigurationPlatforms) = postSolution
		{8C7936C7-8FE8-4DC2-A20C-388B55C08FA5}.Debug|Any CPU.ActiveCfg = Debug|Any CPU
		{8C7936C7-8FE8-4DC2-A20C-388B55C08FA5}.Debug|Any CPU.Build.0 = Debug|Any CPU
		{8C7936C7-8FE8-4DC2-A20C-388B55C08FA5}.Release|Any CPU.ActiveCfg = Release|Any CPU
		{8C7936C7-8FE8-4DC2-A20C-388B55C08FA5}.Release|Any CPU.Build.0 = Release|Any CPU
		{72B5CDE8-C1B4-423E-B717-7A472957E55C}.Debug|Any CPU.ActiveCfg = Debug|Any CPU
		{72B5CDE8-C1B4-423E-B717-7A472957E55C}.Debug|Any CPU.Build.0 = Debug|Any CPU
		{72B5CDE8-C1B4-423E-B717-7A472957E55C}.Release|Any CPU.ActiveCfg = Release|Any CPU
		{72B5CDE8-C1B4-423E-B717-7A472957E55C}.Release|Any CPU.Build.0 = Release|Any CPU
		{984BD61A-3256-4ACA-8953-7751FC454790}.Debug|Any CPU.ActiveCfg = Debug|Any CPU
		{984BD61A-3256-4ACA-8953-7751FC454790}.Debug|Any CPU.Build.0 = Debug|Any CPU
		{984BD61A-3256-4ACA-8953-7751FC454790}.Release|Any CPU.ActiveCfg = Release|Any CPU
		{984BD61A-3256-4ACA-8953-7751FC454790}.Release|Any CPU.Build.0 = Release|Any CPU
		{E65B83A1-1CF0-45BE-A1FE-6D60C2F844CD}.Debug|Any CPU.ActiveCfg = Debug|Any CPU
		{E65B83A1-1CF0-45BE-A1FE-6D60C2F844CD}.Debug|Any CPU.Build.0 = Debug|Any CPU
		{E65B83A1-1CF0-45BE-A1FE-6D60C2F844CD}.Release|Any CPU.ActiveCfg = Release|Any CPU
		{E65B83A1-1CF0-45BE-A1FE-6D60C2F844CD}.Release|Any CPU.Build.0 = Release|Any CPU
		{EC675A58-6D57-4E6E-A4CA-9CE38D736E0F}.Debug|Any CPU.ActiveCfg = Debug|Any CPU
		{EC675A58-6D57-4E6E-A4CA-9CE38D736E0F}.Debug|Any CPU.Build.0 = Debug|Any CPU
		{EC675A58-6D57-4E6E-A4CA-9CE38D736E0F}.Release|Any CPU.ActiveCfg = Release|Any CPU
		{EC675A58-6D57-4E6E-A4CA-9CE38D736E0F}.Release|Any CPU.Build.0 = Release|Any CPU
		{195A601C-3905-4FD6-9C37-30F359C6D753}.Debug|Any CPU.ActiveCfg = Debug|Any CPU
		{195A601C-3905-4FD6-9C37-30F359C6D753}.Debug|Any CPU.Build.0 = Debug|Any CPU
		{195A601C-3905-4FD6-9C37-30F359C6D753}.Release|Any CPU.ActiveCfg = Release|Any CPU
		{195A601C-3905-4FD6-9C37-30F359C6D753}.Release|Any CPU.Build.0 = Release|Any CPU
		{09E9476A-EA4C-4E0D-993D-5003E784C059}.Debug|Any CPU.ActiveCfg = Debug|Any CPU
		{09E9476A-EA4C-4E0D-993D-5003E784C059}.Debug|Any CPU.Build.0 = Debug|Any CPU
		{09E9476A-EA4C-4E0D-993D-5003E784C059}.Release|Any CPU.ActiveCfg = Release|Any CPU
		{09E9476A-EA4C-4E0D-993D-5003E784C059}.Release|Any CPU.Build.0 = Release|Any CPU
	EndGlobalSection
	GlobalSection(SolutionProperties) = preSolution
		HideSolutionNode = FALSE
	EndGlobalSection
	GlobalSection(NestedProjects) = preSolution
		{8C7936C7-8FE8-4DC2-A20C-388B55C08FA5} = {53302909-5F6D-484F-BCD5-0760A3B92DD2}
		{72B5CDE8-C1B4-423E-B717-7A472957E55C} = {53302909-5F6D-484F-BCD5-0760A3B92DD2}
		{984BD61A-3256-4ACA-8953-7751FC454790} = {53302909-5F6D-484F-BCD5-0760A3B92DD2}
		{E65B83A1-1CF0-45BE-A1FE-6D60C2F844CD} = {53302909-5F6D-484F-BCD5-0760A3B92DD2}
		{EC675A58-6D57-4E6E-A4CA-9CE38D736E0F} = {53302909-5F6D-484F-BCD5-0760A3B92DD2}
		{09E9476A-EA4C-4E0D-993D-5003E784C059} = {53302909-5F6D-484F-BCD5-0760A3B92DD2}
	EndGlobalSection
	GlobalSection(ExtensibilityGlobals) = postSolution
		SolutionGuid = {37AE4295-ADFC-4A46-9211-441034E2CFA1}
	EndGlobalSection
EndGlobal
