Microsoft Visual Studio Solution File, Format Version 12.00
# Visual Studio Version 16
VisualStudioVersion = 16.0.29519.87
MinimumVisualStudioVersion = 10.0.40219.1
Project("{FAE04EC0-301F-11D3-BF4B-00C04F79EFBC}") = "App", "CDP4SAT\App.csproj", "{4E672AC5-A95E-4E5E-B35D-8A4B0E8B5340}"
EndProject
Project("{FAE04EC0-301F-11D3-BF4B-00C04F79EFBC}") = "Migration.Tests", "Migration.Tests\Migration.Tests.csproj", "{64124677-EBB7-4484-9CC3-2E0A9A6482DA}"
EndProject
Project("{2150E333-8FDC-42A3-9474-1A3956D46DE8}") = "Modules", "Modules", "{53302909-5F6D-484F-BCD5-0760A3B92DD2}"
EndProject
Project("{FAE04EC0-301F-11D3-BF4B-00C04F79EFBC}") = "Common", "Modules\Common\Common.csproj", "{8C7936C7-8FE8-4DC2-A20C-388B55C08FA5}"
EndProject
Project("{FAE04EC0-301F-11D3-BF4B-00C04F79EFBC}") = "Migration", "Modules\Migration\Migration.csproj", "{72B5CDE8-C1B4-423E-B717-7A472957E55C}"
EndProject
Project("{FAE04EC0-301F-11D3-BF4B-00C04F79EFBC}") = "Syncer", "Modules\Syncer\Syncer.csproj", "{984BD61A-3256-4ACA-8953-7751FC454790}"
EndProject
Project("{FAE04EC0-301F-11D3-BF4B-00C04F79EFBC}") = "StressGenerator", "Modules\StressGenerator\StressGenerator.csproj", "{E65B83A1-1CF0-45BE-A1FE-6D60C2F844CD}"
EndProject
Global
	GlobalSection(SolutionConfigurationPlatforms) = preSolution
		Debug|Any CPU = Debug|Any CPU
		Release|Any CPU = Release|Any CPU
	EndGlobalSection
	GlobalSection(ProjectConfigurationPlatforms) = postSolution
		{4E672AC5-A95E-4E5E-B35D-8A4B0E8B5340}.Debug|Any CPU.ActiveCfg = Debug|Any CPU
		{4E672AC5-A95E-4E5E-B35D-8A4B0E8B5340}.Debug|Any CPU.Build.0 = Debug|Any CPU
		{4E672AC5-A95E-4E5E-B35D-8A4B0E8B5340}.Release|Any CPU.ActiveCfg = Release|Any CPU
		{4E672AC5-A95E-4E5E-B35D-8A4B0E8B5340}.Release|Any CPU.Build.0 = Release|Any CPU
		{64124677-EBB7-4484-9CC3-2E0A9A6482DA}.Debug|Any CPU.ActiveCfg = Debug|Any CPU
		{64124677-EBB7-4484-9CC3-2E0A9A6482DA}.Debug|Any CPU.Build.0 = Debug|Any CPU
		{64124677-EBB7-4484-9CC3-2E0A9A6482DA}.Release|Any CPU.ActiveCfg = Release|Any CPU
		{64124677-EBB7-4484-9CC3-2E0A9A6482DA}.Release|Any CPU.Build.0 = Release|Any CPU
		{8C7936C7-8FE8-4DC2-A20C-388B55C08FA5}.Debug|Any CPU.ActiveCfg = Debug|Any CPU
		{8C7936C7-8FE8-4DC2-A20C-388B55C08FA5}.Debug|Any CPU.Build.0 = Debug|Any CPU
		{8C7936C7-8FE8-4DC2-A20C-388B55C08FA5}.Release|Any CPU.ActiveCfg = Release|Any CPU
		{8C7936C7-8FE8-4DC2-A20C-388B55C08FA5}.Release|Any CPU.Build.0 = Release|Any CPU
		{72B5CDE8-C1B4-423E-B717-7A472957E55C}.Debug|Any CPU.ActiveCfg = Debug|Any CPU
		{72B5CDE8-C1B4-423E-B717-7A472957E55C}.Debug|Any CPU.Build.0 = Debug|Any CPU
		{72B5CDE8-C1B4-423E-B717-7A472957E55C}.Release|Any CPU.ActiveCfg = Release|Any CPU
		{72B5CDE8-C1B4-423E-B717-7A472957E55C}.Release|Any CPU.Build.0 = Release|Any CPU
		{984BD61A-3256-4ACA-8953-7751FC454790}.Debug|Any CPU.ActiveCfg = Debug|Any CPU
		{984BD61A-3256-4ACA-8953-7751FC454790}.Debug|Any CPU.Build.0 = Debug|Any CPU
		{984BD61A-3256-4ACA-8953-7751FC454790}.Release|Any CPU.ActiveCfg = Release|Any CPU
		{984BD61A-3256-4ACA-8953-7751FC454790}.Release|Any CPU.Build.0 = Release|Any CPU
		{E65B83A1-1CF0-45BE-A1FE-6D60C2F844CD}.Debug|Any CPU.ActiveCfg = Debug|Any CPU
		{E65B83A1-1CF0-45BE-A1FE-6D60C2F844CD}.Debug|Any CPU.Build.0 = Debug|Any CPU
		{E65B83A1-1CF0-45BE-A1FE-6D60C2F844CD}.Release|Any CPU.ActiveCfg = Release|Any CPU
		{E65B83A1-1CF0-45BE-A1FE-6D60C2F844CD}.Release|Any CPU.Build.0 = Release|Any CPU
	EndGlobalSection
	GlobalSection(SolutionProperties) = preSolution
		HideSolutionNode = FALSE
	EndGlobalSection
	GlobalSection(NestedProjects) = preSolution
		{8C7936C7-8FE8-4DC2-A20C-388B55C08FA5} = {53302909-5F6D-484F-BCD5-0760A3B92DD2}
		{72B5CDE8-C1B4-423E-B717-7A472957E55C} = {53302909-5F6D-484F-BCD5-0760A3B92DD2}
		{984BD61A-3256-4ACA-8953-7751FC454790} = {53302909-5F6D-484F-BCD5-0760A3B92DD2}
		{E65B83A1-1CF0-45BE-A1FE-6D60C2F844CD} = {53302909-5F6D-484F-BCD5-0760A3B92DD2}
	EndGlobalSection
	GlobalSection(ExtensibilityGlobals) = postSolution
		SolutionGuid = {37AE4295-ADFC-4A46-9211-441034E2CFA1}
	EndGlobalSection
EndGlobal
